Microsoft Visual Studio Solution File, Format Version 12.00
# Visual Studio Version 17
VisualStudioVersion = 17.13.35931.197
MinimumVisualStudioVersion = 10.0.40219.1
Project("{FAE04EC0-301F-11D3-BF4B-00C04F79EFBC}") = "GH.WebAPI", "GHOrderApi\GH.WebAPI.csproj", "{8866555C-EB75-4EAD-BBC8-E07C1B195D6C}"
EndProject
Project("{FAE04EC0-301F-11D3-BF4B-00C04F79EFBC}") = "GH.Domain", "Domain\GH.Domain.csproj", "{83874117-F2A4-44AD-88F9-7407BF930B3C}"
EndProject
Project("{FAE04EC0-301F-11D3-BF4B-00C04F79EFBC}") = "GH.Infrastructure", "Infrastructure\GH.Infrastructure.csproj", "{A06DA7EF-A535-47BC-9BDF-15BB01000E13}"
EndProject
Project("{FAE04EC0-301F-11D3-BF4B-00C04F79EFBC}") = "GH.Application", "Application\GH.Application.csproj", "{4788E85D-7287-466D-84FB-98FD385633E7}"
EndProject
Global
	GlobalSection(SolutionConfigurationPlatforms) = preSolution
		Debug|Any CPU = Debug|Any CPU
		Release|Any CPU = Release|Any CPU
	EndGlobalSection
	GlobalSection(ProjectConfigurationPlatforms) = postSolution
		{8866555C-EB75-4EAD-BBC8-E07C1B195D6C}.Debug|Any CPU.ActiveCfg = Debug|Any CPU
		{8866555C-EB75-4EAD-BBC8-E07C1B195D6C}.Debug|Any CPU.Build.0 = Debug|Any CPU
		{8866555C-EB75-4EAD-BBC8-E07C1B195D6C}.Release|Any CPU.ActiveCfg = Release|Any CPU
		{8866555C-EB75-4EAD-BBC8-E07C1B195D6C}.Release|Any CPU.Build.0 = Release|Any CPU
		{83874117-F2A4-44AD-88F9-7407BF930B3C}.Debug|Any CPU.ActiveCfg = Debug|Any CPU
		{83874117-F2A4-44AD-88F9-7407BF930B3C}.Debug|Any CPU.Build.0 = Debug|Any CPU
		{83874117-F2A4-44AD-88F9-7407BF930B3C}.Release|Any CPU.ActiveCfg = Release|Any CPU
		{83874117-F2A4-44AD-88F9-7407BF930B3C}.Release|Any CPU.Build.0 = Release|Any CPU
		{A06DA7EF-A535-47BC-9BDF-15BB01000E13}.Debug|Any CPU.ActiveCfg = Debug|Any CPU
		{A06DA7EF-A535-47BC-9BDF-15BB01000E13}.Debug|Any CPU.Build.0 = Debug|Any CPU
		{A06DA7EF-A535-47BC-9BDF-15BB01000E13}.Release|Any CPU.ActiveCfg = Release|Any CPU
		{A06DA7EF-A535-47BC-9BDF-15BB01000E13}.Release|Any CPU.Build.0 = Release|Any CPU
		{4788E85D-7287-466D-84FB-98FD385633E7}.Debug|Any CPU.ActiveCfg = Debug|Any CPU
		{4788E85D-7287-466D-84FB-98FD385633E7}.Debug|Any CPU.Build.0 = Debug|Any CPU
		{4788E85D-7287-466D-84FB-98FD385633E7}.Release|Any CPU.ActiveCfg = Release|Any CPU
		{4788E85D-7287-466D-84FB-98FD385633E7}.Release|Any CPU.Build.0 = Release|Any CPU
	EndGlobalSection
	GlobalSection(SolutionProperties) = preSolution
		HideSolutionNode = FALSE
	EndGlobalSection
	GlobalSection(ExtensibilityGlobals) = postSolution
		SolutionGuid = {F7B5AAAC-EBE6-45D1-A97E-8B23A7C8BECD}
	EndGlobalSection
EndGlobal
